github.com/oledakotajoe/codenvi-core v0.0.0-20211030073704-308b86e74587 h1:paH7TI+QhuQIGGfqYF2JQjROOS+znpXLLqMCnNC97nE=
github.com/oledakotajoe/codenvi-core v0.0.0-20211030073704-308b86e74587/go.mod h1:oP2USgK0Ty4cGXG9hzn0uGNnKDFS/8cNj85/rMEpXDU=
github.com/oledakotajoe/codenvi-core v0.0.0-20211030180626-27b2e975e756 h1:Jh3zG6x8wBa51A+s+P1nk5X4LgiGA1TLkvLqIFusm+E=
github.com/oledakotajoe/codenvi-core v0.0.0-20211030180626-27b2e975e756/go.mod h1:oP2USgK0Ty4cGXG9hzn0uGNnKDFS/8cNj85/rMEpXDU=
