github.com/oledakotajoe/codenvi-core v0.0.0-20211030065751-723180410fc0 h1:Y3J6mBIjWwDkM0nu2re/GkmyVrsw1eswahvxZDCobxU=
github.com/oledakotajoe/codenvi-core v0.0.0-20211030065751-723180410fc0/go.mod h1:oP2USgK0Ty4cGXG9hzn0uGNnKDFS/8cNj85/rMEpXDU=
github.com/oledakotajoe/codenvi-core v0.0.0-20211030073704-308b86e74587 h1:paH7TI+QhuQIGGfqYF2JQjROOS+znpXLLqMCnNC97nE=
github.com/oledakotajoe/codenvi-core v0.0.0-20211030073704-308b86e74587/go.mod h1:oP2USgK0Ty4cGXG9hzn0uGNnKDFS/8cNj85/rMEpXDU=
